%{
  "bunt": {:hex, :bunt, "0.2.1", "e2d4792f7bc0ced7583ab54922808919518d0e57ee162901a16a1b6664ef3b14", [:mix], [], "hexpm", "a330bfb4245239787b15005e66ae6845c9cd524a288f0d141c148b02603777a5"},
  "credo": {:hex, :credo, "1.7.0", "6119bee47272e85995598ee04f2ebbed3e947678dee048d10b5feca139435f75", [:mix], [{:bunt, "~> 0.2.1", [hex: :bunt, repo: "hexpm", optional: false]}, {:file_system, "~> 0.2.8", [hex: :file_system, repo: "hexpm", optional: false]}, {:jason, "~> 1.0", [hex: :jason, repo: "hexpm", optional: false]}], "hexpm", "6839fcf63d1f0d1c0f450abc8564a57c43d644077ab96f2934563e68b8a769d7"},
  "dialyxir": {:hex, :dialyxir, "0.5.1", "b331b091720fd93e878137add264bac4f644e1ddae07a70bf7062c7862c4b952", [:mix], [], "hexpm", "6c32a70ed5d452c6650916555b1f96c79af5fc4bf286997f8b15f213de786f73"},
  "earmark_parser": {:hex, :earmark_parser, "1.4.33", "3c3fd9673bb5dcc9edc28dd90f50c87ce506d1f71b70e3de69aa8154bc695d44", [:mix], [], "hexpm", "2d526833729b59b9fdb85785078697c72ac5e5066350663e5be6a1182da61b8f"},
  "ex_doc": {:hex, :ex_doc, "0.30.6", "5f8b54854b240a2b55c9734c4b1d0dd7bdd41f71a095d42a70445c03cf05a281", [:mix], [{:earmark_parser, "~> 1.4.31", [hex: :earmark_parser, repo: "hexpm", optional: false]}, {:makeup_elixir, "~> 0.14", [hex: :makeup_elixir, repo: "hexpm", optional: false]}, {:makeup_erlang, "~> 0.1", [hex: :makeup_erlang, repo: "hexpm", optional: false]}], "hexpm", "bd48f2ddacf4e482c727f9293d9498e0881597eae6ddc3d9562bd7923375109f"},
  "file_system": {:hex, :file_system, "0.2.10", "fb082005a9cd1711c05b5248710f8826b02d7d1784e7c3451f9c1231d4fc162d", [:mix], [], "hexpm", "41195edbfb562a593726eda3b3e8b103a309b733ad25f3d642ba49696bf715dc"},
  "jason": {:hex, :jason, "1.4.1", "af1504e35f629ddcdd6addb3513c3853991f694921b1b9368b0bd32beb9f1b63", [:mix], [{:decimal, "~> 1.0 or ~> 2.0", [hex: :decimal, repo: "hexpm", optional: true]}], "hexpm", "fbb01ecdfd565b56261302f7e1fcc27c4fb8f32d56eab74db621fc154604a7a1"},
  "makeup": {:hex, :makeup, "1.1.0", "6b67c8bc2882a6b6a445859952a602afc1a41c2e08379ca057c0f525366fc3ca", [:mix], [{:nimble_parsec, "~> 1.2.2 or ~> 1.3", [hex: :nimble_parsec, repo: "hexpm", optional: false]}], "hexpm", "0a45ed501f4a8897f580eabf99a2e5234ea3e75a4373c8a52824f6e873be57a6"},
  "makeup_elixir": {:hex, :makeup_elixir, "0.16.1", "cc9e3ca312f1cfeccc572b37a09980287e243648108384b97ff2b76e505c3555", [:mix], [{:makeup, "~> 1.0", [hex: :makeup, repo: "hexpm", optional: false]}, {:nimble_parsec, "~> 1.2.3 or ~> 1.3", [hex: :nimble_parsec, repo: "hexpm", optional: false]}], "hexpm", "e127a341ad1b209bd80f7bd1620a15693a9908ed780c3b763bccf7d200c767c6"},
  "makeup_erlang": {:hex, :makeup_erlang, "0.1.2", "ad87296a092a46e03b7e9b0be7631ddcf64c790fa68a9ef5323b6cbb36affc72", [:mix], [{:makeup, "~> 1.0", [hex: :makeup, repo: "hexpm", optional: false]}], "hexpm", "f3f5a1ca93ce6e092d92b6d9c049bcda58a3b617a8d888f8e7231c85630e8108"},
  "nimble_parsec": {:hex, :nimble_parsec, "1.3.1", "2c54013ecf170e249e9291ed0a62e5832f70a476c61da16f6aac6dca0189f2af", [:mix], [], "hexpm", "2682e3c0b2eb58d90c6375fc0cc30bc7be06f365bf72608804fb9cffa5e1b167"},
  "pegasus": {:hex, :pegasus, "0.2.3", "c804db7fecbe2dc091bf4d51f19cfe0a2d71f4ffe4fbdabac3082370bc9523b9", [:mix], [{:nimble_parsec, "~> 1.2", [hex: :nimble_parsec, repo: "hexpm", optional: false]}], "hexpm", "8e10dc9c04322819725b356f6ea83879f0c9f4b4cce8dad9301f006d68660fdb"},
  "zig_doc": {:hex, :zig_doc, "0.1.4", "e13507d571961772dcba1e93a6004ddcc3a97c98ce026acd8d830ebb3c0b1118", [:mix], [{:ex_doc, "~> 0.30.0", [hex: :ex_doc, repo: "hexpm", optional: false]}, {:zig_parser, "~> 0.1.9", [hex: :zig_parser, repo: "hexpm", optional: false]}], "hexpm", "a0c96ee8c7a512078c57ffacb4a959a4b74f645fc6778c4ef5607fd23fa3fcdb"},
  "zig_parser": {:hex, :zig_parser, "0.1.9", "13b5a23d273d524d50383223125d4083b327799b54d5cb03d815116f3c1ffa1e", [:mix], [{:pegasus, "~> 0.2.2", [hex: :pegasus, repo: "hexpm", optional: false]}], "hexpm", "6f2515bc0d23088742f6244abe1c797f43399eee29c7ed2a2d755f45be94eaec"},
}
